<?xml version="1.0" encoding="utf-8"?>
<Project ToolsVersion="4.0" xmlns="http://schemas.microsoft.com/developer/msbuild/2003">
  <ItemGroup>
    <Filter Include="Source Files">
      <UniqueIdentifier>{4FC737F1-C7A5-4376-A066-2A32D752A2FF}</UniqueIdentifier>
      <Extensions>cpp;c;cc;cxx;c++;cppm;ixx;def;odl;idl;hpj;bat;asm;asmx</Extensions>
    </Filter>
    <Filter Include="Header Files">
      <UniqueIdentifier>{93995380-89BD-4b04-88EB-625FBE52EBFB}</UniqueIdentifier>
      <Extensions>h;hh;hpp;hxx;h++;hm;inl;inc;ipp;xsd</Extensions>
    </Filter>
    <Filter Include="Header Files\core">
      <UniqueIdentifier>{d876aaa8-46ca-487d-a5fa-623f9ae3002e}</UniqueIdentifier>
    </Filter>
    <Filter Include="Header Files\io">
      <UniqueIdentifier>{46e64ef0-5917-491b-b64f-38ac0597f09b}</UniqueIdentifier>
    </Filter>
    <Filter Include="Header Files\utility">
      <UniqueIdentifier>{da69afbd-9eda-4b10-b5f4-a26142657347}</UniqueIdentifier>
    </Filter>
    <Filter Include="Source Files\core">
      <UniqueIdentifier>{2bb49363-e653-49c7-a12e-5917fc1976e3}</UniqueIdentifier>
    </Filter>
    <Filter Include="Source Files\io">
      <UniqueIdentifier>{c401c040-f8ec-484d-84a8-ea070bf8e7ec}</UniqueIdentifier>
    </Filter>
    <Filter Include="Source Files\utility">
      <UniqueIdentifier>{1d06765a-e95a-4688-820c-81ffd139bc74}</UniqueIdentifier>
    </Filter>
  </ItemGroup>
  <ItemGroup>
    <ClInclude Include="pch.h">
      <Filter>Header Files</Filter>
    </ClInclude>
    <ClInclude Include="..\..\..\ee\core\Assert.h">
      <Filter>Header Files\core</Filter>
    </ClInclude>
    <ClInclude Include="..\..\..\ee\core\Debug.h">
      <Filter>Header Files\core</Filter>
    </ClInclude>
    <ClInclude Include="..\..\..\ee\core\Platform.h">
      <Filter>Header Files\core</Filter>
    </ClInclude>
    <ClInclude Include="..\..\..\ee\core\PlatformConfig.h">
      <Filter>Header Files\core</Filter>
    </ClInclude>
    <ClInclude Include="..\..\..\ee\core\PlatformDetection.h">
      <Filter>Header Files\core</Filter>
    </ClInclude>
    <ClInclude Include="..\..\..\ee\core\PlatformHeaders.h">
      <Filter>Header Files\core</Filter>
    </ClInclude>
    <ClInclude Include="..\..\..\ee\core\PlatformTypes.h">
      <Filter>Header Files\core</Filter>
    </ClInclude>
    <ClInclude Include="..\..\..\ee\core\StdFunctions.h">
      <Filter>Header Files\core</Filter>
    </ClInclude>
    <ClInclude Include="..\..\..\ee\core\StdIncludes.h">
      <Filter>Header Files\core</Filter>
    </ClInclude>
    <ClInclude Include="..\..\..\ee\core\StdMacros.h">
      <Filter>Header Files\core</Filter>
    </ClInclude>
    <ClInclude Include="..\..\..\ee\core\System.h">
      <Filter>Header Files\core</Filter>
    </ClInclude>
    <ClInclude Include="..\..\..\ee\utility\HashUtils.h">
      <Filter>Header Files\utility</Filter>
    </ClInclude>
    <ClInclude Include="..\..\..\ee\io\FileResult.h">
      <Filter>Header Files\io</Filter>
    </ClInclude>
    <ClInclude Include="..\..\..\ee\io\FileStatus.h">
      <Filter>Header Files\io</Filter>
    </ClInclude>
    <ClInclude Include="..\..\..\ee\io\FileSystem.h">
      <Filter>Header Files\io</Filter>
    </ClInclude>
  </ItemGroup>
  <ItemGroup>
    <ClCompile Include="pch.cpp">
      <Filter>Source Files</Filter>
    </ClCompile>
    <ClCompile Include="..\..\..\ee\core\Assert.cpp">
      <Filter>Source Files\core</Filter>
    </ClCompile>
    <ClCompile Include="..\..\..\ee\utility\HashUtils.cpp">
      <Filter>Source Files\utility</Filter>
    </ClCompile>
  </ItemGroup>
  <ItemGroup>
    <None Include="..\..\..\ee\utility\CRC16.inl">
      <Filter>Header Files\utility</Filter>
    </None>
    <None Include="..\..\..\ee\utility\CRC32.inl">
      <Filter>Header Files\utility</Filter>
    </None>
    <None Include="..\..\..\ee\utility\CRC64.inl">
      <Filter>Header Files\utility</Filter>
    </None>
  </ItemGroup>
</Project>